
Microsoft Visual Studio Solution File, Format Version 12.00
# Visual Studio Version 17
VisualStudioVersion = 17.0.31903.59
MinimumVisualStudioVersion = 10.0.40219.1
Project("{2150E333-8FDC-42A3-9474-1A3956D46DE8}") = "src", "src", "{827E0CD3-B72D-47B6-A68D-7590B98EB39B}"
EndProject
Project("{FAE04EC0-301F-11D3-BF4B-00C04F79EFBC}") = "Willovate.Store.Api", "src\Willovate.Store.Api\Willovate.Store.Api.csproj", "{75B24B5C-DE1B-4FD2-9B7C-A9FAE81EBA74}"
EndProject
Project("{FAE04EC0-301F-11D3-BF4B-00C04F79EFBC}") = "Willovate.Store.Api.Tests", "tests\Willovate.Store.Api.Tests\Willovate.Store.Api.Tests.csproj", "{C8E6401C-2A37-4E7A-A4DE-42A6BE73E5ED}"
EndProject
Global
	GlobalSection(SolutionConfigurationPlatforms) = preSolution
		Debug|Any CPU = Debug|Any CPU
		Debug|x64 = Debug|x64
		Debug|x86 = Debug|x86
		Release|Any CPU = Release|Any CPU
		Release|x64 = Release|x64
		Release|x86 = Release|x86
	EndGlobalSection
	GlobalSection(ProjectConfigurationPlatforms) = postSolution
		{75B24B5C-DE1B-4FD2-9B7C-A9FAE81EBA74}.Debug|Any CPU.ActiveCfg = Debug|Any CPU
		{75B24B5C-DE1B-4FD2-9B7C-A9FAE81EBA74}.Debug|Any CPU.Build.0 = Debug|Any CPU
		{75B24B5C-DE1B-4FD2-9B7C-A9FAE81EBA74}.Debug|x64.ActiveCfg = Debug|Any CPU
		{75B24B5C-DE1B-4FD2-9B7C-A9FAE81EBA74}.Debug|x64.Build.0 = Debug|Any CPU
		{75B24B5C-DE1B-4FD2-9B7C-A9FAE81EBA74}.Debug|x86.ActiveCfg = Debug|Any CPU
		{75B24B5C-DE1B-4FD2-9B7C-A9FAE81EBA74}.Debug|x86.Build.0 = Debug|Any CPU
		{75B24B5C-DE1B-4FD2-9B7C-A9FAE81EBA74}.Release|Any CPU.ActiveCfg = Release|Any CPU
		{75B24B5C-DE1B-4FD2-9B7C-A9FAE81EBA74}.Release|Any CPU.Build.0 = Release|Any CPU
		{75B24B5C-DE1B-4FD2-9B7C-A9FAE81EBA74}.Release|x64.ActiveCfg = Release|Any CPU
		{75B24B5C-DE1B-4FD2-9B7C-A9FAE81EBA74}.Release|x64.Build.0 = Release|Any CPU
		{75B24B5C-DE1B-4FD2-9B7C-A9FAE81EBA74}.Release|x86.ActiveCfg = Release|Any CPU
		{75B24B5C-DE1B-4FD2-9B7C-A9FAE81EBA74}.Release|x86.Build.0 = Release|Any CPU
		{C8E6401C-2A37-4E7A-A4DE-42A6BE73E5ED}.Debug|Any CPU.ActiveCfg = Debug|Any CPU
		{C8E6401C-2A37-4E7A-A4DE-42A6BE73E5ED}.Debug|Any CPU.Build.0 = Debug|Any CPU
		{C8E6401C-2A37-4E7A-A4DE-42A6BE73E5ED}.Debug|x64.ActiveCfg = Debug|Any CPU
		{C8E6401C-2A37-4E7A-A4DE-42A6BE73E5ED}.Debug|x64.Build.0 = Debug|Any CPU
		{C8E6401C-2A37-4E7A-A4DE-42A6BE73E5ED}.Debug|x86.ActiveCfg = Debug|Any CPU
		{C8E6401C-2A37-4E7A-A4DE-42A6BE73E5ED}.Debug|x86.Build.0 = Debug|Any CPU
		{C8E6401C-2A37-4E7A-A4DE-42A6BE73E5ED}.Release|Any CPU.ActiveCfg = Release|Any CPU
		{C8E6401C-2A37-4E7A-A4DE-42A6BE73E5ED}.Release|Any CPU.Build.0 = Release|Any CPU
		{C8E6401C-2A37-4E7A-A4DE-42A6BE73E5ED}.Release|x64.ActiveCfg = Release|Any CPU
		{C8E6401C-2A37-4E7A-A4DE-42A6BE73E5ED}.Release|x64.Build.0 = Release|Any CPU
		{C8E6401C-2A37-4E7A-A4DE-42A6BE73E5ED}.Release|x86.ActiveCfg = Release|Any CPU
		{C8E6401C-2A37-4E7A-A4DE-42A6BE73E5ED}.Release|x86.Build.0 = Release|Any CPU
	EndGlobalSection
	GlobalSection(SolutionProperties) = preSolution
		HideSolutionNode = FALSE
	EndGlobalSection
	GlobalSection(NestedProjects) = preSolution
		{75B24B5C-DE1B-4FD2-9B7C-A9FAE81EBA74} = {827E0CD3-B72D-47B6-A68D-7590B98EB39B}
		{C8E6401C-2A37-4E7A-A4DE-42A6BE73E5ED} = {827E0CD3-B72D-47B6-A68D-7590B98EB39B}
	EndGlobalSection
EndGlobal
